
Microsoft Visual Studio Solution File, Format Version 12.00
# Visual Studio 15
Project("{FAE04EC0-301F-11D3-BF4B-00C04F79EFBC}") = "Assembly-CSharp", "Assembly-CSharp.csproj", "{99CC5B96-8B07-5AF6-0927-48F67C7DA601}"
EndProject
Project("{FAE04EC0-301F-11D3-BF4B-00C04F79EFBC}") = "Assembly-CSharp-Editor-firstpass", "Assembly-CSharp-Editor-firstpass.csproj", "{AF41B7B2-7A05-7230-E28C-71C60813D8DD}"
EndProject
Global
	GlobalSection(SolutionConfigurationPlatforms) = preSolution
		Debug|Any CPU = Debug|Any CPU
		Release|Any CPU = Release|Any CPU
	EndGlobalSection
	GlobalSection(ProjectConfigurationPlatforms) = postSolution
		{99CC5B96-8B07-5AF6-0927-48F67C7DA601}.Debug|Any CPU.ActiveCfg = Debug|Any CPU
		{99CC5B96-8B07-5AF6-0927-48F67C7DA601}.Debug|Any CPU.Build.0 = Debug|Any CPU
		{99CC5B96-8B07-5AF6-0927-48F67C7DA601}.Release|Any CPU.ActiveCfg = Release|Any CPU
		{99CC5B96-8B07-5AF6-0927-48F67C7DA601}.Release|Any CPU.Build.0 = Release|Any CPU
		{AF41B7B2-7A05-7230-E28C-71C60813D8DD}.Debug|Any CPU.ActiveCfg = Debug|Any CPU
		{AF41B7B2-7A05-7230-E28C-71C60813D8DD}.Debug|Any CPU.Build.0 = Debug|Any CPU
		{AF41B7B2-7A05-7230-E28C-71C60813D8DD}.Release|Any CPU.ActiveCfg = Release|Any CPU
		{AF41B7B2-7A05-7230-E28C-71C60813D8DD}.Release|Any CPU.Build.0 = Release|Any CPU
	EndGlobalSection
	GlobalSection(SolutionProperties) = preSolution
		HideSolutionNode = FALSE
	EndGlobalSection
EndGlobal
